// !$*UTF8*$!
{
	archiveVersion = 1;
	classes = {
	};
	objectVersion = 46;
	objects = {

/* Begin PBXBuildFile section */
		BCE516B41DA0AA5300400AC4 /* AppDelegate.swift in Sources */ = {isa = PBXBuildFile; fileRef = BCE516B31DA0AA5300400AC4 /* AppDelegate.swift */; };
		BCE516B61DA0AA5300400AC4 /* ViewController.swift in Sources */ = {isa = PBXBuildFile; fileRef = BCE516B51DA0AA5300400AC4 /* ViewController.swift */; };
		BCE516B91DA0AA5300400AC4 /* Main.storyboard in Resources */ = {isa = PBXBuildFile; fileRef = BCE516B71DA0AA5300400AC4 /* Main.storyboard */; };
		BCE516BB1DA0AA5400400AC4 /* Assets.xcassets in Resources */ = {isa = PBXBuildFile; fileRef = BCE516BA1DA0AA5400400AC4 /* Assets.xcassets */; };
		BCE516BE1DA0AA5400400AC4 /* LaunchScreen.storyboard in Resources */ = {isa = PBXBuildFile; fileRef = BCE516BC1DA0AA5400400AC4 /* LaunchScreen.storyboard */; };
		BCE516C91DA0AA5400400AC4 /* gitDemoTests.swift in Sources */ = {isa = PBXBuildFile; fileRef = BCE516C81DA0AA5400400AC4 /* gitDemoTests.swift */; };
		BCE516D41DA0AA5400400AC4 /* gitDemoUITests.swift in Sources */ = {isa = PBXBuildFile; fileRef = BCE516D31DA0AA5400400AC4 /* gitDemoUITests.swift */; };
/* End PBXBuildFile section */

/* Begin PBXContainerItemProxy section */
		BCE516C51DA0AA5400400AC4 /* PBXContainerItemProxy */ = {
			isa = PBXContainerItemProxy;
			containerPortal = BCE516A81DA0AA5300400AC4 /* Project object */;
			proxyType = 1;
			remoteGlobalIDString = BCE516AF1DA0AA5300400AC4;
			remoteInfo = gitDemo;
		};
		BCE516D01DA0AA5400400AC4 /* PBXContainerItemProxy */ = {
			isa = PBXContainerItemProxy;
			containerPortal = BCE516A81DA0AA5300400AC4 /* Project object */;
			proxyType = 1;
			remoteGlobalIDString = BCE516AF1DA0AA5300400AC4;
			remoteInfo = gitDemo;
		};
/* End PBXContainerItemProxy section */

/* Begin PBXFileReference section */
		BCE516B01DA0AA5300400AC4 /* gitDemo.app */ = {isa = PBXFileReference; explicitFileType = wrapper.application; includeInIndex = 0; path = gitDemo.app; sourceTree = BUILT_PRODUCTS_DIR; };
		BCE516B31DA0AA5300400AC4 /* AppDelegate.swift */ = {isa = PBXFileReference; lastKnownFileType = sourcecode.swift; path = AppDelegate.swift; sourceTree = "<group>"; };
		BCE516B51DA0AA5300400AC4 /* ViewController.swift */ = {isa = PBXFileReference; lastKnownFileType = sourcecode.swift; path = ViewController.swift; sourceTree = "<group>"; };
		BCE516B81DA0AA5300400AC4 /* Base */ = {isa = PBXFileReference; lastKnownFileType = file.storyboard; name = Base; path = Base.lproj/Main.storyboard; sourceTree = "<group>"; };
		BCE516BA1DA0AA5400400AC4 /* Assets.xcassets */ = {isa = PBXFileReference; lastKnownFileType = folder.assetcatalog; path = Assets.xcassets; sourceTree = "<group>"; };
		BCE516BD1DA0AA5400400AC4 /* Base */ = {isa = PBXFileReference; lastKnownFileType = file.storyboard; name = Base; path = Base.lproj/LaunchScreen.storyboard; sourceTree = "<group>"; };
		BCE516BF1DA0AA5400400AC4 /* Info.plist */ = {isa = PBXFileReference; lastKnownFileType = text.plist.xml; path = Info.plist; sourceTree = "<group>"; };
		BCE516C41DA0AA5400400AC4 /* gitDemoTests.xctest */ = {isa = PBXFileReference; explicitFileType = wrapper.cfbundle; includeInIndex = 0; path = gitDemoTests.xctest; sourceTree = BUILT_PRODUCTS_DIR; };
		BCE516C81DA0AA5400400AC4 /* gitDemoTests.swift */ = {isa = PBXFileReference; lastKnownFileType = sourcecode.swift; path = gitDemoTests.swift; sourceTree = "<group>"; };
		BCE516CA1DA0AA5400400AC4 /* Info.plist */ = {isa = PBXFileReference; lastKnownFileType = text.plist.xml; path = Info.plist; sourceTree = "<group>"; };
		BCE516CF1DA0AA5400400AC4 /* gitDemoUITests.xctest */ = {isa = PBXFileReference; explicitFileType = wrapper.cfbundle; includeInIndex = 0; path = gitDemoUITests.xctest; sourceTree = BUILT_PRODUCTS_DIR; };
		BCE516D31DA0AA5400400AC4 /* gitDemoUITests.swift */ = {isa = PBXFileReference; lastKnownFileType = sourcecode.swift; path = gitDemoUITests.swift; sourceTree = "<group>"; };
		BCE516D51DA0AA5400400AC4 /* Info.plist */ = {isa = PBXFileReference; lastKnownFileType = text.plist.xml; path = Info.plist; sourceTree = "<group>"; };
/* End PBXFileReference section */

/* Begin PBXFrameworksBuildPhase section */
		BCE516AD1DA0AA5300400AC4 /* Frameworks */ = {
			isa = PBXFrameworksBuildPhase;
			buildActionMask = 2147483647;
			files = (
			);
			runOnlyForDeploymentPostprocessing = 0;
		};
		BCE516C11DA0AA5400400AC4 /* Frameworks */ = {
			isa = PBXFrameworksBuildPhase;
			buildActionMask = 2147483647;
			files = (
			);
			runOnlyForDeploymentPostprocessing = 0;
		};
		BCE516CC1DA0AA5400400AC4 /* Frameworks */ = {
			isa = PBXFrameworksBuildPhase;
			buildActionMask = 2147483647;
			files = (
			);
			runOnlyForDeploymentPostprocessing = 0;
		};
/* End PBXFrameworksBuildPhase section */

/* Begin PBXGroup section */
		BCE516A71DA0AA5300400AC4 = {
			isa = PBXGroup;
			children = (
				BCE516B21DA0AA5300400AC4 /* gitDemo */,
				BCE516C71DA0AA5400400AC4 /* gitDemoTests */,
				BCE516D21DA0AA5400400AC4 /* gitDemoUITests */,
				BCE516B11DA0AA5300400AC4 /* Products */,
			);
			sourceTree = "<group>";
		};
		BCE516B11DA0AA5300400AC4 /* Products */ = {
			isa = PBXGroup;
			children = (
				BCE516B01DA0AA5300400AC4 /* gitDemo.app */,
				BCE516C41DA0AA5400400AC4 /* gitDemoTests.xctest */,
				BCE516CF1DA0AA5400400AC4 /* gitDemoUITests.xctest */,
			);
			name = Products;
			sourceTree = "<group>";
		};
		BCE516B21DA0AA5300400AC4 /* gitDemo */ = {
			isa = PBXGroup;
			children = (
				BCE516B31DA0AA5300400AC4 /* AppDelegate.swift */,
				BCE516B51DA0AA5300400AC4 /* ViewController.swift */,
				BCE516B71DA0AA5300400AC4 /* Main.storyboard */,
				BCE516BA1DA0AA5400400AC4 /* Assets.xcassets */,
				BCE516BC1DA0AA5400400AC4 /* LaunchScreen.storyboard */,
				BCE516BF1DA0AA5400400AC4 /* Info.plist */,
			);
			path = gitDemo;
			sourceTree = "<group>";
		};
		BCE516C71DA0AA5400400AC4 /* gitDemoTests */ = {
			isa = PBXGroup;
			children = (
				BCE516C81DA0AA5400400AC4 /* gitDemoTests.swift */,
				BCE516CA1DA0AA5400400AC4 /* Info.plist */,
			);
			path = gitDemoTests;
			sourceTree = "<group>";
		};
		BCE516D21DA0AA5400400AC4 /* gitDemoUITests */ = {
			isa = PBXGroup;
			children = (
				BCE516D31DA0AA5400400AC4 /* gitDemoUITests.swift */,
				BCE516D51DA0AA5400400AC4 /* Info.plist */,
			);
			path = gitDemoUITests;
			sourceTree = "<group>";
		};
/* End PBXGroup section */

/* Begin PBXNativeTarget section */
		BCE516AF1DA0AA5300400AC4 /* gitDemo */ = {
			isa = PBXNativeTarget;
			buildConfigurationList = BCE516D81DA0AA5400400AC4 /* Build configuration list for PBXNativeTarget "gitDemo" */;
			buildPhases = (
				BCE516AC1DA0AA5300400AC4 /* Sources */,
				BCE516AD1DA0AA5300400AC4 /* Frameworks */,
				BCE516AE1DA0AA5300400AC4 /* Resources */,
			);
			buildRules = (
			);
			dependencies = (
			);
			name = gitDemo;
			productName = gitDemo;
			productReference = BCE516B01DA0AA5300400AC4 /* gitDemo.app */;
			productType = "com.apple.product-type.application";
		};
		BCE516C31DA0AA5400400AC4 /* gitDemoTests */ = {
			isa = PBXNativeTarget;
			buildConfigurationList = BCE516DB1DA0AA5400400AC4 /* Build configuration list for PBXNativeTarget "gitDemoTests" */;
			buildPhases = (
				BCE516C01DA0AA5400400AC4 /* Sources */,
				BCE516C11DA0AA5400400AC4 /* Frameworks */,
				BCE516C21DA0AA5400400AC4 /* Resources */,
			);
			buildRules = (
			);
			dependencies = (
				BCE516C61DA0AA5400400AC4 /* PBXTargetDependency */,
			);
			name = gitDemoTests;
			productName = gitDemoTests;
			productReference = BCE516C41DA0AA5400400AC4 /* gitDemoTests.xctest */;
			productType = "com.apple.product-type.bundle.unit-test";
		};
		BCE516CE1DA0AA5400400AC4 /* gitDemoUITests */ = {
			isa = PBXNativeTarget;
			buildConfigurationList = BCE516DE1DA0AA5400400AC4 /* Build configuration list for PBXNativeTarget "gitDemoUITests" */;
			buildPhases = (
				BCE516CB1DA0AA5400400AC4 /* Sources */,
				BCE516CC1DA0AA5400400AC4 /* Frameworks */,
				BCE516CD1DA0AA5400400AC4 /* Resources */,
			);
			buildRules = (
			);
			dependencies = (
				BCE516D11DA0AA5400400AC4 /* PBXTargetDependency */,
			);
			name = gitDemoUITests;
			productName = gitDemoUITests;
			productReference = BCE516CF1DA0AA5400400AC4 /* gitDemoUITests.xctest */;
			productType = "com.apple.product-type.bundle.ui-testing";
		};
/* End PBXNativeTarget section */

/* Begin PBXProject section */
		BCE516A81DA0AA5300400AC4 /* Project object */ = {
			isa = PBXProject;
			attributes = {
				LastSwiftUpdateCheck = 0730;
				LastUpgradeCheck = 0730;
				ORGANIZATIONNAME = "Tristan Simpson";
				TargetAttributes = {
					BCE516AF1DA0AA5300400AC4 = {
						CreatedOnToolsVersion = 7.3.1;
					};
					BCE516C31DA0AA5400400AC4 = {
						CreatedOnToolsVersion = 7.3.1;
						TestTargetID = BCE516AF1DA0AA5300400AC4;
					};
					BCE516CE1DA0AA5400400AC4 = {
						CreatedOnToolsVersion = 7.3.1;
						TestTargetID = BCE516AF1DA0AA5300400AC4;
					};
				};
			};
			buildConfigurationList = BCE516AB1DA0AA5300400AC4 /* Build configuration list for PBXProject "gitDemo" */;
			compatibilityVersion = "Xcode 3.2";
			developmentRegion = English;
			hasScannedForEncodings = 0;
			knownRegions = (
				en,
				Base,
			);
			mainGroup = BCE516A71DA0AA5300400AC4;
			productRefGroup = BCE516B11DA0AA5300400AC4 /* Products */;
			projectDirPath = "";
			projectRoot = "";
			targets = (
				BCE516AF1DA0AA5300400AC4 /* gitDemo */,
				BCE516C31DA0AA5400400AC4 /* gitDemoTests */,
				BCE516CE1DA0AA5400400AC4 /* gitDemoUITests */,
			);
		};
/* End PBXProject section */

/* Begin PBXResourcesBuildPhase section */
		BCE516AE1DA0AA5300400AC4 /* Resources */ = {
			isa = PBXResourcesBuildPhase;
			buildActionMask = 2147483647;
			files = (
				BCE516BE1DA0AA5400400AC4 /* LaunchScreen.storyboard in Resources */,
				BCE516BB1DA0AA5400400AC4 /* Assets.xcassets in Resources */,
				BCE516B91DA0AA5300400AC4 /* Main.storyboard in Resources */,
			);
			runOnlyForDeploymentPostprocessing = 0;
		};
		BCE516C21DA0AA5400400AC4 /* Resources */ = {
			isa = PBXResourcesBuildPhase;
			buildActionMask = 2147483647;
			files = (
			);
			runOnlyForDeploymentPostprocessing = 0;
		};
		BCE516CD1DA0AA5400400AC4 /* Resources */ = {
			isa = PBXResourcesBuildPhase;
			buildActionMask = 2147483647;
			files = (
			);
			runOnlyForDeploymentPostprocessing = 0;
		};
/* End PBXResourcesBuildPhase section */

/* Begin PBXSourcesBuildPhase section */
		BCE516AC1DA0AA5300400AC4 /* Sources */ = {
			isa = PBXSourcesBuildPhase;
			buildActionMask = 2147483647;
			files = (
				BCE516B61DA0AA5300400AC4 /* ViewController.swift in Sources */,
				BCE516B41DA0AA5300400AC4 /* AppDelegate.swift in Sources */,
			);
			runOnlyForDeploymentPostprocessing = 0;
		};
		BCE516C01DA0AA5400400AC4 /* Sources */ = {
			isa = PBXSourcesBuildPhase;
			buildActionMask = 2147483647;
			files = (
				BCE516C91DA0AA5400400AC4 /* gitDemoTests.swift in Sources */,
			);
			runOnlyForDeploymentPostprocessing = 0;
		};
		BCE516CB1DA0AA5400400AC4 /* Sources */ = {
			isa = PBXSourcesBuildPhase;
			buildActionMask = 2147483647;
			files = (
				BCE516D41DA0AA5400400AC4 /* gitDemoUITests.swift in Sources */,
			);
			runOnlyForDeploymentPostprocessing = 0;
		};
/* End PBXSourcesBuildPhase section */

/* Begin PBXTargetDependency section */
		BCE516C61DA0AA5400400AC4 /* PBXTargetDependency */ = {
			isa = PBXTargetDependency;
			target = BCE516AF1DA0AA5300400AC4 /* gitDemo */;
			targetProxy = BCE516C51DA0AA5400400AC4 /* PBXContainerItemProxy */;
		};
		BCE516D11DA0AA5400400AC4 /* PBXTargetDependency */ = {
			isa = PBXTargetDependency;
			target = BCE516AF1DA0AA5300400AC4 /* gitDemo */;
			targetProxy = BCE516D01DA0AA5400400AC4 /* PBXContainerItemProxy */;
		};
/* End PBXTargetDependency section */

/* Begin PBXVariantGroup section */
		BCE516B71DA0AA5300400AC4 /* Main.storyboard */ = {
			isa = PBXVariantGroup;
			children = (
				BCE516B81DA0AA5300400AC4 /* Base */,
			);
			name = Main.storyboard;
			sourceTree = "<group>";
		};
		BCE516BC1DA0AA5400400AC4 /* LaunchScreen.storyboard */ = {
			isa = PBXVariantGroup;
			children = (
				BCE516BD1DA0AA5400400AC4 /* Base */,
			);
			name = LaunchScreen.storyboard;
			sourceTree = "<group>";
		};
/* End PBXVariantGroup section */

/* Begin XCBuildConfiguration section */
		BCE516D61DA0AA5400400AC4 /* Debug */ = {
			isa = XCBuildConfiguration;
			buildSettings = {
				ALWAYS_SEARCH_USER_PATHS = NO;
				CLANG_ANALYZER_NONNULL = YES;
				CLANG_CXX_LANGUAGE_STANDARD = "gnu++0x";
				CLANG_CXX_LIBRARY = "libc++";
				CLANG_ENABLE_MODULES = YES;
				CLANG_ENABLE_OBJC_ARC = YES;
				CLANG_WARN_BOOL_CONVERSION = YES;
				CLANG_WARN_CONSTANT_CONVERSION = YES;
				CLANG_WARN_DIRECT_OBJC_ISA_USAGE = YES_ERROR;
				CLANG_WARN_EMPTY_BODY = YES;
				CLANG_WARN_ENUM_CONVERSION = YES;
				CLANG_WARN_INT_CONVERSION = YES;
				CLANG_WARN_OBJC_ROOT_CLASS = YES_ERROR;
				CLANG_WARN_UNREACHABLE_CODE = YES;
				CLANG_WARN__DUPLICATE_METHOD_MATCH = YES;
				"CODE_SIGN_IDENTITY[sdk=iphoneos*]" = "iPhone Developer";
				COPY_PHASE_STRIP = NO;
				DEBUG_INFORMATION_FORMAT = dwarf;
				ENABLE_STRICT_OBJC_MSGSEND = YES;
				ENABLE_TESTABILITY = YES;
				GCC_C_LANGUAGE_STANDARD = gnu99;
				GCC_DYNAMIC_NO_PIC = NO;
				GCC_NO_COMMON_BLOCKS = YES;
				GCC_OPTIMIZATION_LEVEL = 0;
				GCC_PREPROCESSOR_DEFINITIONS = (
					"DEBUG=1",
					"$(inherited)",
				);
				GCC_WARN_64_TO_32_BIT_CONVERSION = YES;
				GCC_WARN_ABOUT_RETURN_TYPE = YES_ERROR;
				GCC_WARN_UNDECLARED_SELECTOR = YES;
				GCC_WARN_UNINITIALIZED_AUTOS = YES_AGGRESSIVE;
				GCC_WARN_UNUSED_FUNCTION = YES;
				GCC_WARN_UNUSED_VARIABLE = YES;
				IPHONEOS_DEPLOYMENT_TARGET = 9.3;
				MTL_ENABLE_DEBUG_INFO = YES;
				ONLY_ACTIVE_ARCH = YES;
				SDKROOT = iphoneos;
				SWIFT_OPTIMIZATION_LEVEL = "-Onone";
				TARGETED_DEVICE_FAMILY = "1,2";
			};
			name = Debug;
		};
		BCE516D71DA0AA5400400AC4 /* Release */ = {
			isa = XCBuildConfiguration;
			buildSettings = {
				ALWAYS_SEARCH_USER_PATHS = NO;
				CLANG_ANALYZER_NONNULL = YES;
				CLANG_CXX_LANGUAGE_STANDARD = "gnu++0x";
				CLANG_CXX_LIBRARY = "libc++";
				CLANG_ENABLE_MODULES = YES;
				CLANG_ENABLE_OBJC_ARC = YES;
				CLANG_WARN_BOOL_CONVERSION = YES;
				CLANG_WARN_CONSTANT_CONVERSION = YES;
				CLANG_WARN_DIRECT_OBJC_ISA_USAGE = YES_ERROR;
				CLANG_WARN_EMPTY_BODY = YES;
				CLANG_WARN_ENUM_CONVERSION = YES;
				CLANG_WARN_INT_CONVERSION = YES;
				CLANG_WARN_OBJC_ROOT_CLASS = YES_ERROR;
				CLANG_WARN_UNREACHABLE_CODE = YES;
				CLANG_WARN__DUPLICATE_METHOD_MATCH = YES;
				"CODE_SIGN_IDENTITY[sdk=iphoneos*]" = "iPhone Developer";
				COPY_PHASE_STRIP = NO;
				DEBUG_INFORMATION_FORMAT = "dwarf-with-dsym";
				ENABLE_NS_ASSERTIONS = NO;
				ENABLE_STRICT_OBJC_MSGSEND = YES;
				GCC_C_LANGUAGE_STANDARD = gnu99;
				GCC_NO_COMMON_BLOCKS = YES;
				GCC_WARN_64_TO_32_BIT_CONVERSION = YES;
				GCC_WARN_ABOUT_RETURN_TYPE = YES_ERROR;
				GCC_WARN_UNDECLARED_SELECTOR = YES;
				GCC_WARN_UNINITIALIZED_AUTOS = YES_AGGRESSIVE;
				GCC_WARN_UNUSED_FUNCTION = YES;
				GCC_WARN_UNUSED_VARIABLE = YES;
				IPHONEOS_DEPLOYMENT_TARGET = 9.3;
				MTL_ENABLE_DEBUG_INFO = NO;
				SDKROOT = iphoneos;
				TARGETED_DEVICE_FAMILY = "1,2";
				VALIDATE_PRODUCT = YES;
			};
			name = Release;
		};
		BCE516D91DA0AA5400400AC4 /* Debug */ = {
			isa = XCBuildConfiguration;
			buildSettings = {
				ASSETCATALOG_COMPILER_APPICON_NAME = AppIcon;
				INFOPLIST_FILE = gitDemo/Info.plist;
				LD_RUNPATH_SEARCH_PATHS = "$(inherited) @executable_path/Frameworks";
				PRODUCT_BUNDLE_IDENTIFIER = com.trivienne.gitDemo;
				PRODUCT_NAME = "$(TARGET_NAME)";
			};
			name = Debug;
		};
		BCE516DA1DA0AA5400400AC4 /* Release */ = {
			isa = XCBuildConfiguration;
			buildSettings = {
				ASSETCATALOG_COMPILER_APPICON_NAME = AppIcon;
				INFOPLIST_FILE = gitDemo/Info.plist;
				LD_RUNPATH_SEARCH_PATHS = "$(inherited) @executable_path/Frameworks";
				PRODUCT_BUNDLE_IDENTIFIER = com.trivienne.gitDemo;
				PRODUCT_NAME = "$(TARGET_NAME)";
			};
			name = Release;
		};
		BCE516DC1DA0AA5400400AC4 /* Debug */ = {
			isa = XCBuildConfiguration;
			buildSettings = {
				BUNDLE_LOADER = "$(TEST_HOST)";
				INFOPLIST_FILE = gitDemoTests/Info.plist;
				LD_RUNPATH_SEARCH_PATHS = "$(inherited) @executable_path/Frameworks @loader_path/Frameworks";
				PRODUCT_BUNDLE_IDENTIFIER = com.trivienne.gitDemoTests;
				PRODUCT_NAME = "$(TARGET_NAME)";
				TEST_HOST = "$(BUILT_PRODUCTS_DIR)/gitDemo.app/gitDemo";
			};
			name = Debug;
		};
		BCE516DD1DA0AA5400400AC4 /* Release */ = {
			isa = XCBuildConfiguration;
			buildSettings = {
				BUNDLE_LOADER = "$(TEST_HOST)";
				INFOPLIST_FILE = gitDemoTests/Info.plist;
				LD_RUNPATH_SEARCH_PATHS = "$(inherited) @executable_path/Frameworks @loader_path/Frameworks";
				PRODUCT_BUNDLE_IDENTIFIER = com.trivienne.gitDemoTests;
				PRODUCT_NAME = "$(TARGET_NAME)";
				TEST_HOST = "$(BUILT_PRODUCTS_DIR)/gitDemo.app/gitDemo";
			};
			name = Release;
		};
		BCE516DF1DA0AA5400400AC4 /* Debug */ = {
			isa = XCBuildConfiguration;
			buildSettings = {
				INFOPLIST_FILE = gitDemoUITests/Info.plist;
				LD_RUNPATH_SEARCH_PATHS = "$(inherited) @executable_path/Frameworks @loader_path/Frameworks";
				PRODUCT_BUNDLE_IDENTIFIER = com.trivienne.gitDemoUITests;
				PRODUCT_NAME = "$(TARGET_NAME)";
				TEST_TARGET_NAME = gitDemo;
			};
			name = Debug;
		};
		BCE516E01DA0AA5400400AC4 /* Release */ = {
			isa = XCBuildConfiguration;
			buildSettings = {
				INFOPLIST_FILE = gitDemoUITests/Info.plist;
				LD_RUNPATH_SEARCH_PATHS = "$(inherited) @executable_path/Frameworks @loader_path/Frameworks";
				PRODUCT_BUNDLE_IDENTIFIER = com.trivienne.gitDemoUITests;
				PRODUCT_NAME = "$(TARGET_NAME)";
				TEST_TARGET_NAME = gitDemo;
			};
			name = Release;
		};
/* End XCBuildConfiguration section */

/* Begin XCConfigurationList section */
		BCE516AB1DA0AA5300400AC4 /* Build configuration list for PBXProject "gitDemo" */ = {
			isa = XCConfigurationList;
			buildConfigurations = (
				BCE516D61DA0AA5400400AC4 /* Debug */,
				BCE516D71DA0AA5400400AC4 /* Release */,
			);
			defaultConfigurationIsVisible = 0;
			defaultConfigurationName = Release;
		};
		BCE516D81DA0AA5400400AC4 /* Build configuration list for PBXNativeTarget "gitDemo" */ = {
			isa = XCConfigurationList;
			buildConfigurations = (
				BCE516D91DA0AA5400400AC4 /* Debug */,
				BCE516DA1DA0AA5400400AC4 /* Release */,
			);
			defaultConfigurationIsVisible = 0;
		};
		BCE516DB1DA0AA5400400AC4 /* Build configuration list for PBXNativeTarget "gitDemoTests" */ = {
			isa = XCConfigurationList;
			buildConfigurations = (
				BCE516DC1DA0AA5400400AC4 /* Debug */,
				BCE516DD1DA0AA5400400AC4 /* Release */,
			);
			defaultConfigurationIsVisible = 0;
		};
		BCE516DE1DA0AA5400400AC4 /* Build configuration list for PBXNativeTarget "gitDemoUITests" */ = {
			isa = XCConfigurationList;
			buildConfigurations = (
				BCE516DF1DA0AA5400400AC4 /* Debug */,
				BCE516E01DA0AA5400400AC4 /* Release */,
			);
			defaultConfigurationIsVisible = 0;
		};
/* End XCConfigurationList section */
	};
	rootObject = BCE516A81DA0AA5300400AC4 /* Project object */;
}
